
Microsoft Visual Studio Solution File, Format Version 12.00
# Visual Studio Version 17
VisualStudioVersion = 17.9.34607.119
MinimumVisualStudioVersion = 10.0.40219.1
Project("{FAE04EC0-301F-11D3-BF4B-00C04F79EFBC}") = "Game_Zone", "Game_Zone\Game_Zone.csproj", "{AA8AF3F8-F536-482C-BBD7-8FD4CF5740DF}"
EndProject
Global
	GlobalSection(SolutionConfigurationPlatforms) = preSolution
		Debug|Any CPU = Debug|Any CPU
		Release|Any CPU = Release|Any CPU
	EndGlobalSection
	GlobalSection(ProjectConfigurationPlatforms) = postSolution
		{AA8AF3F8-F536-482C-BBD7-8FD4CF5740DF}.Debug|Any CPU.ActiveCfg = Debug|Any CPU
		{AA8AF3F8-F536-482C-BBD7-8FD4CF5740DF}.Debug|Any CPU.Build.0 = Debug|Any CPU
		{AA8AF3F8-F536-482C-BBD7-8FD4CF5740DF}.Release|Any CPU.ActiveCfg = Release|Any CPU
		{AA8AF3F8-F536-482C-BBD7-8FD4CF5740DF}.Release|Any CPU.Build.0 = Release|Any CPU
	EndGlobalSection
	GlobalSection(SolutionProperties) = preSolution
		HideSolutionNode = FALSE
	EndGlobalSection
	GlobalSection(ExtensibilityGlobals) = postSolution
		SolutionGuid = {B63949C4-6E4C-43CD-9004-BC02687B8789}
	EndGlobalSection
EndGlobal
